// !$*UTF8*$!
{
	archiveVersion = 1;
	classes = {
	};
	objectVersion = 55;
	objects = {

/* Begin PBXBuildFile section */
		02EF04089273106FA11FC921 /* Pods_Flix_FlixUITests.framework in Frameworks */ = {isa = PBXBuildFile; fileRef = F033B8C86ECCB47097BFCE27 /* Pods_Flix_FlixUITests.framework */; };
		5AB7AD9427A8B68400A165AC /* AppDelegate.swift in Sources */ = {isa = PBXBuildFile; fileRef = 5AB7AD9327A8B68400A165AC /* AppDelegate.swift */; };
		5AB7AD9627A8B68400A165AC /* SceneDelegate.swift in Sources */ = {isa = PBXBuildFile; fileRef = 5AB7AD9527A8B68400A165AC /* SceneDelegate.swift */; };
		5AB7AD9B27A8B68400A165AC /* Main.storyboard in Resources */ = {isa = PBXBuildFile; fileRef = 5AB7AD9927A8B68400A165AC /* Main.storyboard */; };
		5AB7AD9D27A8B68800A165AC /* Assets.xcassets in Resources */ = {isa = PBXBuildFile; fileRef = 5AB7AD9C27A8B68800A165AC /* Assets.xcassets */; };
		5AB7ADA027A8B68800A165AC /* LaunchScreen.storyboard in Resources */ = {isa = PBXBuildFile; fileRef = 5AB7AD9E27A8B68800A165AC /* LaunchScreen.storyboard */; };
		5AB7ADAB27A8B68800A165AC /* FlixTests.swift in Sources */ = {isa = PBXBuildFile; fileRef = 5AB7ADAA27A8B68800A165AC /* FlixTests.swift */; };
		5AB7ADB527A8B68800A165AC /* FlixUITests.swift in Sources */ = {isa = PBXBuildFile; fileRef = 5AB7ADB427A8B68800A165AC /* FlixUITests.swift */; };
		5AB7ADB727A8B68800A165AC /* FlixUITestsLaunchTests.swift in Sources */ = {isa = PBXBuildFile; fileRef = 5AB7ADB627A8B68800A165AC /* FlixUITestsLaunchTests.swift */; };
		5AF669FB27B073A50025237F /* MovieCell.swift in Sources */ = {isa = PBXBuildFile; fileRef = 5AF669FA27B073A50025237F /* MovieCell.swift */; };
		5AF669FD27B0780A0025237F /* MoviesViewController.swift in Sources */ = {isa = PBXBuildFile; fileRef = 5AF669FC27B0780A0025237F /* MoviesViewController.swift */; };
		5AF66A0227B08B410025237F /* AlamofireImage in Frameworks */ = {isa = PBXBuildFile; productRef = 5AF66A0127B08B410025237F /* AlamofireImage */; };
		C7D7EB5FDC94309A5097F703 /* Pods_FlixTests.framework in Frameworks */ = {isa = PBXBuildFile; fileRef = A6C9B8E5DFAD8507B5520F87 /* Pods_FlixTests.framework */; };
		D6658B17C0A6A70B0552CE9E /* Pods_Flix.framework in Frameworks */ = {isa = PBXBuildFile; fileRef = E1B39764291C7FDE252168F9 /* Pods_Flix.framework */; };
/* End PBXBuildFile section */

/* Begin PBXContainerItemProxy section */
		5AB7ADA727A8B68800A165AC /* PBXContainerItemProxy */ = {
			isa = PBXContainerItemProxy;
			containerPortal = 5AB7AD8827A8B68400A165AC /* Project object */;
			proxyType = 1;
			remoteGlobalIDString = 5AB7AD8F27A8B68400A165AC;
			remoteInfo = Flix;
		};
		5AB7ADB127A8B68800A165AC /* PBXContainerItemProxy */ = {
			isa = PBXContainerItemProxy;
			containerPortal = 5AB7AD8827A8B68400A165AC /* Project object */;
			proxyType = 1;
			remoteGlobalIDString = 5AB7AD8F27A8B68400A165AC;
			remoteInfo = Flix;
		};
/* End PBXContainerItemProxy section */

/* Begin PBXFileReference section */
		2C23A5C8954E972A70309A95 /* Pods-Flix-FlixUITests.debug.xcconfig */ = {isa = PBXFileReference; includeInIndex = 1; lastKnownFileType = text.xcconfig; name = "Pods-Flix-FlixUITests.debug.xcconfig"; path = "Target Support Files/Pods-Flix-FlixUITests/Pods-Flix-FlixUITests.debug.xcconfig"; sourceTree = "<group>"; };
		2F0B5B1D89A919A4C74CF693 /* Pods-FlixTests.debug.xcconfig */ = {isa = PBXFileReference; includeInIndex = 1; lastKnownFileType = text.xcconfig; name = "Pods-FlixTests.debug.xcconfig"; path = "Target Support Files/Pods-FlixTests/Pods-FlixTests.debug.xcconfig"; sourceTree = "<group>"; };
		5AB7AD9027A8B68400A165AC /* Flix.app */ = {isa = PBXFileReference; explicitFileType = wrapper.application; includeInIndex = 0; path = Flix.app; sourceTree = BUILT_PRODUCTS_DIR; };
		5AB7AD9327A8B68400A165AC /* AppDelegate.swift */ = {isa = PBXFileReference; lastKnownFileType = sourcecode.swift; path = AppDelegate.swift; sourceTree = "<group>"; };
		5AB7AD9527A8B68400A165AC /* SceneDelegate.swift */ = {isa = PBXFileReference; lastKnownFileType = sourcecode.swift; path = SceneDelegate.swift; sourceTree = "<group>"; };
		5AB7AD9A27A8B68400A165AC /* Base */ = {isa = PBXFileReference; lastKnownFileType = file.storyboard; name = Base; path = Base.lproj/Main.storyboard; sourceTree = "<group>"; };
		5AB7AD9C27A8B68800A165AC /* Assets.xcassets */ = {isa = PBXFileReference; lastKnownFileType = folder.assetcatalog; path = Assets.xcassets; sourceTree = "<group>"; };
		5AB7AD9F27A8B68800A165AC /* Base */ = {isa = PBXFileReference; lastKnownFileType = file.storyboard; name = Base; path = Base.lproj/LaunchScreen.storyboard; sourceTree = "<group>"; };
		5AB7ADA127A8B68800A165AC /* Info.plist */ = {isa = PBXFileReference; lastKnownFileType = text.plist.xml; path = Info.plist; sourceTree = "<group>"; };
		5AB7ADA627A8B68800A165AC /* FlixTests.xctest */ = {isa = PBXFileReference; explicitFileType = wrapper.cfbundle; includeInIndex = 0; path = FlixTests.xctest; sourceTree = BUILT_PRODUCTS_DIR; };
		5AB7ADAA27A8B68800A165AC /* FlixTests.swift */ = {isa = PBXFileReference; lastKnownFileType = sourcecode.swift; path = FlixTests.swift; sourceTree = "<group>"; };
		5AB7ADB027A8B68800A165AC /* FlixUITests.xctest */ = {isa = PBXFileReference; explicitFileType = wrapper.cfbundle; includeInIndex = 0; path = FlixUITests.xctest; sourceTree = BUILT_PRODUCTS_DIR; };
		5AB7ADB427A8B68800A165AC /* FlixUITests.swift */ = {isa = PBXFileReference; lastKnownFileType = sourcecode.swift; path = FlixUITests.swift; sourceTree = "<group>"; };
		5AB7ADB627A8B68800A165AC /* FlixUITestsLaunchTests.swift */ = {isa = PBXFileReference; lastKnownFileType = sourcecode.swift; path = FlixUITestsLaunchTests.swift; sourceTree = "<group>"; };
		5AF669FA27B073A50025237F /* MovieCell.swift */ = {isa = PBXFileReference; lastKnownFileType = sourcecode.swift; path = MovieCell.swift; sourceTree = "<group>"; };
		5AF669FC27B0780A0025237F /* MoviesViewController.swift */ = {isa = PBXFileReference; lastKnownFileType = sourcecode.swift; path = MoviesViewController.swift; sourceTree = "<group>"; };
		71D2656DDF9CEB26329F3993 /* Pods-Flix-FlixUITests.release.xcconfig */ = {isa = PBXFileReference; includeInIndex = 1; lastKnownFileType = text.xcconfig; name = "Pods-Flix-FlixUITests.release.xcconfig"; path = "Target Support Files/Pods-Flix-FlixUITests/Pods-Flix-FlixUITests.release.xcconfig"; sourceTree = "<group>"; };
		986F4FA90520E320462B24E6 /* Pods-Flix.release.xcconfig */ = {isa = PBXFileReference; includeInIndex = 1; lastKnownFileType = text.xcconfig; name = "Pods-Flix.release.xcconfig"; path = "Target Support Files/Pods-Flix/Pods-Flix.release.xcconfig"; sourceTree = "<group>"; };
		A6C9B8E5DFAD8507B5520F87 /* Pods_FlixTests.framework */ = {isa = PBXFileReference; explicitFileType = wrapper.framework; includeInIndex = 0; path = Pods_FlixTests.framework; sourceTree = BUILT_PRODUCTS_DIR; };
		CBDFEC6C847416C4FC64B62C /* Pods-Flix.debug.xcconfig */ = {isa = PBXFileReference; includeInIndex = 1; lastKnownFileType = text.xcconfig; name = "Pods-Flix.debug.xcconfig"; path = "Target Support Files/Pods-Flix/Pods-Flix.debug.xcconfig"; sourceTree = "<group>"; };
		E1B39764291C7FDE252168F9 /* Pods_Flix.framework */ = {isa = PBXFileReference; explicitFileType = wrapper.framework; includeInIndex = 0; path = Pods_Flix.framework; sourceTree = BUILT_PRODUCTS_DIR; };
		F033B8C86ECCB47097BFCE27 /* Pods_Flix_FlixUITests.framework */ = {isa = PBXFileReference; explicitFileType = wrapper.framework; includeInIndex = 0; path = Pods_Flix_FlixUITests.framework; sourceTree = BUILT_PRODUCTS_DIR; };
		F8E49DAEE7BC4AB48B05A7A3 /* Pods-FlixTests.release.xcconfig */ = {isa = PBXFileReference; includeInIndex = 1; lastKnownFileType = text.xcconfig; name = "Pods-FlixTests.release.xcconfig"; path = "Target Support Files/Pods-FlixTests/Pods-FlixTests.release.xcconfig"; sourceTree = "<group>"; };
/* End PBXFileReference section */

/* Begin PBXFrameworksBuildPhase section */
		5AB7AD8D27A8B68400A165AC /* Frameworks */ = {
			isa = PBXFrameworksBuildPhase;
			buildActionMask = 2147483647;
			files = (
				5AF66A0227B08B410025237F /* AlamofireImage in Frameworks */,
				D6658B17C0A6A70B0552CE9E /* Pods_Flix.framework in Frameworks */,
			);
			runOnlyForDeploymentPostprocessing = 0;
		};
		5AB7ADA327A8B68800A165AC /* Frameworks */ = {
			isa = PBXFrameworksBuildPhase;
			buildActionMask = 2147483647;
			files = (
				C7D7EB5FDC94309A5097F703 /* Pods_FlixTests.framework in Frameworks */,
			);
			runOnlyForDeploymentPostprocessing = 0;
		};
		5AB7ADAD27A8B68800A165AC /* Frameworks */ = {
			isa = PBXFrameworksBuildPhase;
			buildActionMask = 2147483647;
			files = (
				02EF04089273106FA11FC921 /* Pods_Flix_FlixUITests.framework in Frameworks */,
			);
			runOnlyForDeploymentPostprocessing = 0;
		};
/* End PBXFrameworksBuildPhase section */

/* Begin PBXGroup section */
		5AB7AD8727A8B68400A165AC = {
			isa = PBXGroup;
			children = (
				5AB7AD9227A8B68400A165AC /* Flix */,
				5AB7ADA927A8B68800A165AC /* FlixTests */,
				5AB7ADB327A8B68800A165AC /* FlixUITests */,
				5AB7AD9127A8B68400A165AC /* Products */,
				A20FDAD7CEF151AAB25B73BB /* Pods */,
				970D3F9D2F9BBBF17CC0F5A1 /* Frameworks */,
			);
			sourceTree = "<group>";
		};
		5AB7AD9127A8B68400A165AC /* Products */ = {
			isa = PBXGroup;
			children = (
				5AB7AD9027A8B68400A165AC /* Flix.app */,
				5AB7ADA627A8B68800A165AC /* FlixTests.xctest */,
				5AB7ADB027A8B68800A165AC /* FlixUITests.xctest */,
			);
			name = Products;
			sourceTree = "<group>";
		};
		5AB7AD9227A8B68400A165AC /* Flix */ = {
			isa = PBXGroup;
			children = (
				5AB7AD9327A8B68400A165AC /* AppDelegate.swift */,
				5AB7AD9527A8B68400A165AC /* SceneDelegate.swift */,
				5AB7AD9927A8B68400A165AC /* Main.storyboard */,
				5AF669FA27B073A50025237F /* MovieCell.swift */,
				5AF669FC27B0780A0025237F /* MoviesViewController.swift */,
				5AB7AD9E27A8B68800A165AC /* LaunchScreen.storyboard */,
				5AB7AD9C27A8B68800A165AC /* Assets.xcassets */,
				5AB7ADA127A8B68800A165AC /* Info.plist */,
			);
			path = Flix;
			sourceTree = "<group>";
		};
		5AB7ADA927A8B68800A165AC /* FlixTests */ = {
			isa = PBXGroup;
			children = (
				5AB7ADAA27A8B68800A165AC /* FlixTests.swift */,
			);
			path = FlixTests;
			sourceTree = "<group>";
		};
		5AB7ADB327A8B68800A165AC /* FlixUITests */ = {
			isa = PBXGroup;
			children = (
				5AB7ADB427A8B68800A165AC /* FlixUITests.swift */,
				5AB7ADB627A8B68800A165AC /* FlixUITestsLaunchTests.swift */,
			);
			path = FlixUITests;
			sourceTree = "<group>";
		};
		970D3F9D2F9BBBF17CC0F5A1 /* Frameworks */ = {
			isa = PBXGroup;
			children = (
				E1B39764291C7FDE252168F9 /* Pods_Flix.framework */,
				F033B8C86ECCB47097BFCE27 /* Pods_Flix_FlixUITests.framework */,
				A6C9B8E5DFAD8507B5520F87 /* Pods_FlixTests.framework */,
			);
			name = Frameworks;
			sourceTree = "<group>";
		};
		A20FDAD7CEF151AAB25B73BB /* Pods */ = {
			isa = PBXGroup;
			children = (
				CBDFEC6C847416C4FC64B62C /* Pods-Flix.debug.xcconfig */,
				986F4FA90520E320462B24E6 /* Pods-Flix.release.xcconfig */,
				2C23A5C8954E972A70309A95 /* Pods-Flix-FlixUITests.debug.xcconfig */,
				71D2656DDF9CEB26329F3993 /* Pods-Flix-FlixUITests.release.xcconfig */,
				2F0B5B1D89A919A4C74CF693 /* Pods-FlixTests.debug.xcconfig */,
				F8E49DAEE7BC4AB48B05A7A3 /* Pods-FlixTests.release.xcconfig */,
			);
			name = Pods;
			path = Pods;
			sourceTree = "<group>";
		};
/* End PBXGroup section */

/* Begin PBXNativeTarget section */
		5AB7AD8F27A8B68400A165AC /* Flix */ = {
			isa = PBXNativeTarget;
			buildConfigurationList = 5AB7ADBA27A8B68800A165AC /* Build configuration list for PBXNativeTarget "Flix" */;
			buildPhases = (
				8505DAB7C4BC23ACB434E44A /* [CP] Check Pods Manifest.lock */,
				5AB7AD8C27A8B68400A165AC /* Sources */,
				5AB7AD8D27A8B68400A165AC /* Frameworks */,
				5AB7AD8E27A8B68400A165AC /* Resources */,
				31A7C5F0C91484F92A2B32CA /* [CP] Embed Pods Frameworks */,
			);
			buildRules = (
			);
			dependencies = (
			);
			name = Flix;
			packageProductDependencies = (
				5AF66A0127B08B410025237F /* AlamofireImage */,
			);
			productName = Flix;
			productReference = 5AB7AD9027A8B68400A165AC /* Flix.app */;
			productType = "com.apple.product-type.application";
		};
		5AB7ADA527A8B68800A165AC /* FlixTests */ = {
			isa = PBXNativeTarget;
			buildConfigurationList = 5AB7ADBD27A8B68800A165AC /* Build configuration list for PBXNativeTarget "FlixTests" */;
			buildPhases = (
				9568685D106CC3904689C6A1 /* [CP] Check Pods Manifest.lock */,
				5AB7ADA227A8B68800A165AC /* Sources */,
				5AB7ADA327A8B68800A165AC /* Frameworks */,
				5AB7ADA427A8B68800A165AC /* Resources */,
			);
			buildRules = (
			);
			dependencies = (
				5AB7ADA827A8B68800A165AC /* PBXTargetDependency */,
			);
			name = FlixTests;
			productName = FlixTests;
			productReference = 5AB7ADA627A8B68800A165AC /* FlixTests.xctest */;
			productType = "com.apple.product-type.bundle.unit-test";
		};
		5AB7ADAF27A8B68800A165AC /* FlixUITests */ = {
			isa = PBXNativeTarget;
			buildConfigurationList = 5AB7ADC027A8B68800A165AC /* Build configuration list for PBXNativeTarget "FlixUITests" */;
			buildPhases = (
				37ABD5C390E73AEDBF388EAC /* [CP] Check Pods Manifest.lock */,
				5AB7ADAC27A8B68800A165AC /* Sources */,
				5AB7ADAD27A8B68800A165AC /* Frameworks */,
				5AB7ADAE27A8B68800A165AC /* Resources */,
				B143A73129E37DE7C8027E64 /* [CP] Embed Pods Frameworks */,
			);
			buildRules = (
			);
			dependencies = (
				5AB7ADB227A8B68800A165AC /* PBXTargetDependency */,
			);
			name = FlixUITests;
			productName = FlixUITests;
			productReference = 5AB7ADB027A8B68800A165AC /* FlixUITests.xctest */;
			productType = "com.apple.product-type.bundle.ui-testing";
		};
/* End PBXNativeTarget section */

/* Begin PBXProject section */
		5AB7AD8827A8B68400A165AC /* Project object */ = {
			isa = PBXProject;
			attributes = {
				BuildIndependentTargetsInParallel = 1;
				LastSwiftUpdateCheck = 1320;
				LastUpgradeCheck = 1320;
				TargetAttributes = {
					5AB7AD8F27A8B68400A165AC = {
						CreatedOnToolsVersion = 13.2.1;
					};
					5AB7ADA527A8B68800A165AC = {
						CreatedOnToolsVersion = 13.2.1;
						TestTargetID = 5AB7AD8F27A8B68400A165AC;
					};
					5AB7ADAF27A8B68800A165AC = {
						CreatedOnToolsVersion = 13.2.1;
						TestTargetID = 5AB7AD8F27A8B68400A165AC;
					};
				};
			};
			buildConfigurationList = 5AB7AD8B27A8B68400A165AC /* Build configuration list for PBXProject "Flix" */;
			compatibilityVersion = "Xcode 13.0";
			developmentRegion = en;
			hasScannedForEncodings = 0;
			knownRegions = (
				en,
				Base,
			);
			mainGroup = 5AB7AD8727A8B68400A165AC;
			packageReferences = (
				5AF66A0027B08B410025237F /* XCRemoteSwiftPackageReference "AlamofireImage" */,
			);
			productRefGroup = 5AB7AD9127A8B68400A165AC /* Products */;
			projectDirPath = "";
			projectRoot = "";
			targets = (
				5AB7AD8F27A8B68400A165AC /* Flix */,
				5AB7ADA527A8B68800A165AC /* FlixTests */,
				5AB7ADAF27A8B68800A165AC /* FlixUITests */,
			);
		};
/* End PBXProject section */

/* Begin PBXResourcesBuildPhase section */
		5AB7AD8E27A8B68400A165AC /* Resources */ = {
			isa = PBXResourcesBuildPhase;
			buildActionMask = 2147483647;
			files = (
				5AB7ADA027A8B68800A165AC /* LaunchScreen.storyboard in Resources */,
				5AB7AD9D27A8B68800A165AC /* Assets.xcassets in Resources */,
				5AB7AD9B27A8B68400A165AC /* Main.storyboard in Resources */,
			);
			runOnlyForDeploymentPostprocessing = 0;
		};
		5AB7ADA427A8B68800A165AC /* Resources */ = {
			isa = PBXResourcesBuildPhase;
			buildActionMask = 2147483647;
			files = (
			);
			runOnlyForDeploymentPostprocessing = 0;
		};
		5AB7ADAE27A8B68800A165AC /* Resources */ = {
			isa = PBXResourcesBuildPhase;
			buildActionMask = 2147483647;
			files = (
			);
			runOnlyForDeploymentPostprocessing = 0;
		};
/* End PBXResourcesBuildPhase section */

/* Begin PBXShellScriptBuildPhase section */
		31A7C5F0C91484F92A2B32CA /* [CP] Embed Pods Frameworks */ = {
			isa = PBXShellScriptBuildPhase;
			buildActionMask = 2147483647;
			files = (
			);
			inputFileListPaths = (
				"${PODS_ROOT}/Target Support Files/Pods-Flix/Pods-Flix-frameworks-${CONFIGURATION}-input-files.xcfilelist",
			);
			name = "[CP] Embed Pods Frameworks";
			outputFileListPaths = (
				"${PODS_ROOT}/Target Support Files/Pods-Flix/Pods-Flix-frameworks-${CONFIGURATION}-output-files.xcfilelist",
			);
			runOnlyForDeploymentPostprocessing = 0;
			shellPath = /bin/sh;
			shellScript = "\"${PODS_ROOT}/Target Support Files/Pods-Flix/Pods-Flix-frameworks.sh\"\n";
			showEnvVarsInLog = 0;
		};
		37ABD5C390E73AEDBF388EAC /* [CP] Check Pods Manifest.lock */ = {
			isa = PBXShellScriptBuildPhase;
			buildActionMask = 2147483647;
			files = (
			);
			inputFileListPaths = (
			);
			inputPaths = (
				"${PODS_PODFILE_DIR_PATH}/Podfile.lock",
				"${PODS_ROOT}/Manifest.lock",
			);
			name = "[CP] Check Pods Manifest.lock";
			outputFileListPaths = (
			);
			outputPaths = (
				"$(DERIVED_FILE_DIR)/Pods-Flix-FlixUITests-checkManifestLockResult.txt",
			);
			runOnlyForDeploymentPostprocessing = 0;
			shellPath = /bin/sh;
			shellScript = "diff \"${PODS_PODFILE_DIR_PATH}/Podfile.lock\" \"${PODS_ROOT}/Manifest.lock\" > /dev/null\nif [ $? != 0 ] ; then\n    # print error to STDERR\n    echo \"error: The sandbox is not in sync with the Podfile.lock. Run 'pod install' or update your CocoaPods installation.\" >&2\n    exit 1\nfi\n# This output is used by Xcode 'outputs' to avoid re-running this script phase.\necho \"SUCCESS\" > \"${SCRIPT_OUTPUT_FILE_0}\"\n";
			showEnvVarsInLog = 0;
		};
		8505DAB7C4BC23ACB434E44A /* [CP] Check Pods Manifest.lock */ = {
			isa = PBXShellScriptBuildPhase;
			buildActionMask = 2147483647;
			files = (
			);
			inputFileListPaths = (
			);
			inputPaths = (
				"${PODS_PODFILE_DIR_PATH}/Podfile.lock",
				"${PODS_ROOT}/Manifest.lock",
			);
			name = "[CP] Check Pods Manifest.lock";
			outputFileListPaths = (
			);
			outputPaths = (
				"$(DERIVED_FILE_DIR)/Pods-Flix-checkManifestLockResult.txt",
			);
			runOnlyForDeploymentPostprocessing = 0;
			shellPath = /bin/sh;
			shellScript = "diff \"${PODS_PODFILE_DIR_PATH}/Podfile.lock\" \"${PODS_ROOT}/Manifest.lock\" > /dev/null\nif [ $? != 0 ] ; then\n    # print error to STDERR\n    echo \"error: The sandbox is not in sync with the Podfile.lock. Run 'pod install' or update your CocoaPods installation.\" >&2\n    exit 1\nfi\n# This output is used by Xcode 'outputs' to avoid re-running this script phase.\necho \"SUCCESS\" > \"${SCRIPT_OUTPUT_FILE_0}\"\n";
			showEnvVarsInLog = 0;
		};
		9568685D106CC3904689C6A1 /* [CP] Check Pods Manifest.lock */ = {
			isa = PBXShellScriptBuildPhase;
			buildActionMask = 2147483647;
			files = (
			);
			inputFileListPaths = (
			);
			inputPaths = (
				"${PODS_PODFILE_DIR_PATH}/Podfile.lock",
				"${PODS_ROOT}/Manifest.lock",
			);
			name = "[CP] Check Pods Manifest.lock";
			outputFileListPaths = (
			);
			outputPaths = (
				"$(DERIVED_FILE_DIR)/Pods-FlixTests-checkManifestLockResult.txt",
			);
			runOnlyForDeploymentPostprocessing = 0;
			shellPath = /bin/sh;
			shellScript = "diff \"${PODS_PODFILE_DIR_PATH}/Podfile.lock\" \"${PODS_ROOT}/Manifest.lock\" > /dev/null\nif [ $? != 0 ] ; then\n    # print error to STDERR\n    echo \"error: The sandbox is not in sync with the Podfile.lock. Run 'pod install' or update your CocoaPods installation.\" >&2\n    exit 1\nfi\n# This output is used by Xcode 'outputs' to avoid re-running this script phase.\necho \"SUCCESS\" > \"${SCRIPT_OUTPUT_FILE_0}\"\n";
			showEnvVarsInLog = 0;
		};
		B143A73129E37DE7C8027E64 /* [CP] Embed Pods Frameworks */ = {
			isa = PBXShellScriptBuildPhase;
			buildActionMask = 2147483647;
			files = (
			);
			inputFileListPaths = (
				"${PODS_ROOT}/Target Support Files/Pods-Flix-FlixUITests/Pods-Flix-FlixUITests-frameworks-${CONFIGURATION}-input-files.xcfilelist",
			);
			name = "[CP] Embed Pods Frameworks";
			outputFileListPaths = (
				"${PODS_ROOT}/Target Support Files/Pods-Flix-FlixUITests/Pods-Flix-FlixUITests-frameworks-${CONFIGURATION}-output-files.xcfilelist",
			);
			runOnlyForDeploymentPostprocessing = 0;
			shellPath = /bin/sh;
			shellScript = "\"${PODS_ROOT}/Target Support Files/Pods-Flix-FlixUITests/Pods-Flix-FlixUITests-frameworks.sh\"\n";
			showEnvVarsInLog = 0;
		};
/* End PBXShellScriptBuildPhase section */

/* Begin PBXSourcesBuildPhase section */
		5AB7AD8C27A8B68400A165AC /* Sources */ = {
			isa = PBXSourcesBuildPhase;
			buildActionMask = 2147483647;
			files = (
				5AF669FD27B0780A0025237F /* MoviesViewController.swift in Sources */,
				5AB7AD9427A8B68400A165AC /* AppDelegate.swift in Sources */,
				5AF669FB27B073A50025237F /* MovieCell.swift in Sources */,
				5AB7AD9627A8B68400A165AC /* SceneDelegate.swift in Sources */,
			);
			runOnlyForDeploymentPostprocessing = 0;
		};
		5AB7ADA227A8B68800A165AC /* Sources */ = {
			isa = PBXSourcesBuildPhase;
			buildActionMask = 2147483647;
			files = (
				5AB7ADAB27A8B68800A165AC /* FlixTests.swift in Sources */,
			);
			runOnlyForDeploymentPostprocessing = 0;
		};
		5AB7ADAC27A8B68800A165AC /* Sources */ = {
			isa = PBXSourcesBuildPhase;
			buildActionMask = 2147483647;
			files = (
				5AB7ADB527A8B68800A165AC /* FlixUITests.swift in Sources */,
				5AB7ADB727A8B68800A165AC /* FlixUITestsLaunchTests.swift in Sources */,
			);
			runOnlyForDeploymentPostprocessing = 0;
		};
/* End PBXSourcesBuildPhase section */

/* Begin PBXTargetDependency section */
		5AB7ADA827A8B68800A165AC /* PBXTargetDependency */ = {
			isa = PBXTargetDependency;
			target = 5AB7AD8F27A8B68400A165AC /* Flix */;
			targetProxy = 5AB7ADA727A8B68800A165AC /* PBXContainerItemProxy */;
		};
		5AB7ADB227A8B68800A165AC /* PBXTargetDependency */ = {
			isa = PBXTargetDependency;
			target = 5AB7AD8F27A8B68400A165AC /* Flix */;
			targetProxy = 5AB7ADB127A8B68800A165AC /* PBXContainerItemProxy */;
		};
/* End PBXTargetDependency section */

/* Begin PBXVariantGroup section */
		5AB7AD9927A8B68400A165AC /* Main.storyboard */ = {
			isa = PBXVariantGroup;
			children = (
				5AB7AD9A27A8B68400A165AC /* Base */,
			);
			name = Main.storyboard;
			sourceTree = "<group>";
		};
		5AB7AD9E27A8B68800A165AC /* LaunchScreen.storyboard */ = {
			isa = PBXVariantGroup;
			children = (
				5AB7AD9F27A8B68800A165AC /* Base */,
			);
			name = LaunchScreen.storyboard;
			sourceTree = "<group>";
		};
/* End PBXVariantGroup section */

/* Begin XCBuildConfiguration section */
		5AB7ADB827A8B68800A165AC /* Debug */ = {
			isa = XCBuildConfiguration;
			buildSettings = {
				ALWAYS_SEARCH_USER_PATHS = NO;
				CLANG_ANALYZER_NONNULL = YES;
				CLANG_ANALYZER_NUMBER_OBJECT_CONVERSION = YES_AGGRESSIVE;
				CLANG_CXX_LANGUAGE_STANDARD = "gnu++17";
				CLANG_CXX_LIBRARY = "libc++";
				CLANG_ENABLE_MODULES = YES;
				CLANG_ENABLE_OBJC_ARC = YES;
				CLANG_ENABLE_OBJC_WEAK = YES;
				CLANG_WARN_BLOCK_CAPTURE_AUTORELEASING = YES;
				CLANG_WARN_BOOL_CONVERSION = YES;
				CLANG_WARN_COMMA = YES;
				CLANG_WARN_CONSTANT_CONVERSION = YES;
				CLANG_WARN_DEPRECATED_OBJC_IMPLEMENTATIONS = YES;
				CLANG_WARN_DIRECT_OBJC_ISA_USAGE = YES_ERROR;
				CLANG_WARN_DOCUMENTATION_COMMENTS = YES;
				CLANG_WARN_EMPTY_BODY = YES;
				CLANG_WARN_ENUM_CONVERSION = YES;
				CLANG_WARN_INFINITE_RECURSION = YES;
				CLANG_WARN_INT_CONVERSION = YES;
				CLANG_WARN_NON_LITERAL_NULL_CONVERSION = YES;
				CLANG_WARN_OBJC_IMPLICIT_RETAIN_SELF = YES;
				CLANG_WARN_OBJC_LITERAL_CONVERSION = YES;
				CLANG_WARN_OBJC_ROOT_CLASS = YES_ERROR;
				CLANG_WARN_QUOTED_INCLUDE_IN_FRAMEWORK_HEADER = YES;
				CLANG_WARN_RANGE_LOOP_ANALYSIS = YES;
				CLANG_WARN_STRICT_PROTOTYPES = YES;
				CLANG_WARN_SUSPICIOUS_MOVE = YES;
				CLANG_WARN_UNGUARDED_AVAILABILITY = YES_AGGRESSIVE;
				CLANG_WARN_UNREACHABLE_CODE = YES;
				CLANG_WARN__DUPLICATE_METHOD_MATCH = YES;
				COPY_PHASE_STRIP = NO;
				DEBUG_INFORMATION_FORMAT = dwarf;
				ENABLE_STRICT_OBJC_MSGSEND = YES;
				ENABLE_TESTABILITY = YES;
				GCC_C_LANGUAGE_STANDARD = gnu11;
				GCC_DYNAMIC_NO_PIC = NO;
				GCC_NO_COMMON_BLOCKS = YES;
				GCC_OPTIMIZATION_LEVEL = 0;
				GCC_PREPROCESSOR_DEFINITIONS = (
					"DEBUG=1",
					"$(inherited)",
				);
				GCC_WARN_64_TO_32_BIT_CONVERSION = YES;
				GCC_WARN_ABOUT_RETURN_TYPE = YES_ERROR;
				GCC_WARN_UNDECLARED_SELECTOR = YES;
				GCC_WARN_UNINITIALIZED_AUTOS = YES_AGGRESSIVE;
				GCC_WARN_UNUSED_FUNCTION = YES;
				GCC_WARN_UNUSED_VARIABLE = YES;
				IPHONEOS_DEPLOYMENT_TARGET = 15.2;
				MTL_ENABLE_DEBUG_INFO = INCLUDE_SOURCE;
				MTL_FAST_MATH = YES;
				ONLY_ACTIVE_ARCH = YES;
				SDKROOT = iphoneos;
				SWIFT_ACTIVE_COMPILATION_CONDITIONS = DEBUG;
				SWIFT_OPTIMIZATION_LEVEL = "-Onone";
			};
			name = Debug;
		};
		5AB7ADB927A8B68800A165AC /* Release */ = {
			isa = XCBuildConfiguration;
			buildSettings = {
				ALWAYS_SEARCH_USER_PATHS = NO;
				CLANG_ANALYZER_NONNULL = YES;
				CLANG_ANALYZER_NUMBER_OBJECT_CONVERSION = YES_AGGRESSIVE;
				CLANG_CXX_LANGUAGE_STANDARD = "gnu++17";
				CLANG_CXX_LIBRARY = "libc++";
				CLANG_ENABLE_MODULES = YES;
				CLANG_ENABLE_OBJC_ARC = YES;
				CLANG_ENABLE_OBJC_WEAK = YES;
				CLANG_WARN_BLOCK_CAPTURE_AUTORELEASING = YES;
				CLANG_WARN_BOOL_CONVERSION = YES;
				CLANG_WARN_COMMA = YES;
				CLANG_WARN_CONSTANT_CONVERSION = YES;
				CLANG_WARN_DEPRECATED_OBJC_IMPLEMENTATIONS = YES;
				CLANG_WARN_DIRECT_OBJC_ISA_USAGE = YES_ERROR;
				CLANG_WARN_DOCUMENTATION_COMMENTS = YES;
				CLANG_WARN_EMPTY_BODY = YES;
				CLANG_WARN_ENUM_CONVERSION = YES;
				CLANG_WARN_INFINITE_RECURSION = YES;
				CLANG_WARN_INT_CONVERSION = YES;
				CLANG_WARN_NON_LITERAL_NULL_CONVERSION = YES;
				CLANG_WARN_OBJC_IMPLICIT_RETAIN_SELF = YES;
				CLANG_WARN_OBJC_LITERAL_CONVERSION = YES;
				CLANG_WARN_OBJC_ROOT_CLASS = YES_ERROR;
				CLANG_WARN_QUOTED_INCLUDE_IN_FRAMEWORK_HEADER = YES;
				CLANG_WARN_RANGE_LOOP_ANALYSIS = YES;
				CLANG_WARN_STRICT_PROTOTYPES = YES;
				CLANG_WARN_SUSPICIOUS_MOVE = YES;
				CLANG_WARN_UNGUARDED_AVAILABILITY = YES_AGGRESSIVE;
				CLANG_WARN_UNREACHABLE_CODE = YES;
				CLANG_WARN__DUPLICATE_METHOD_MATCH = YES;
				COPY_PHASE_STRIP = NO;
				DEBUG_INFORMATION_FORMAT = "dwarf-with-dsym";
				ENABLE_NS_ASSERTIONS = NO;
				ENABLE_STRICT_OBJC_MSGSEND = YES;
				GCC_C_LANGUAGE_STANDARD = gnu11;
				GCC_NO_COMMON_BLOCKS = YES;
				GCC_WARN_64_TO_32_BIT_CONVERSION = YES;
				GCC_WARN_ABOUT_RETURN_TYPE = YES_ERROR;
				GCC_WARN_UNDECLARED_SELECTOR = YES;
				GCC_WARN_UNINITIALIZED_AUTOS = YES_AGGRESSIVE;
				GCC_WARN_UNUSED_FUNCTION = YES;
				GCC_WARN_UNUSED_VARIABLE = YES;
				IPHONEOS_DEPLOYMENT_TARGET = 15.2;
				MTL_ENABLE_DEBUG_INFO = NO;
				MTL_FAST_MATH = YES;
				SDKROOT = iphoneos;
				SWIFT_COMPILATION_MODE = wholemodule;
				SWIFT_OPTIMIZATION_LEVEL = "-O";
				VALIDATE_PRODUCT = YES;
			};
			name = Release;
		};
		5AB7ADBB27A8B68800A165AC /* Debug */ = {
			isa = XCBuildConfiguration;
			baseConfigurationReference = CBDFEC6C847416C4FC64B62C /* Pods-Flix.debug.xcconfig */;
			buildSettings = {
				ASSETCATALOG_COMPILER_APPICON_NAME = AppIcon;
				ASSETCATALOG_COMPILER_GLOBAL_ACCENT_COLOR_NAME = AccentColor;
				CODE_SIGN_STYLE = Automatic;
				CURRENT_PROJECT_VERSION = 1;
				GENERATE_INFOPLIST_FILE = YES;
				INFOPLIST_FILE = Flix/Info.plist;
				INFOPLIST_KEY_UIApplicationSupportsIndirectInputEvents = YES;
				INFOPLIST_KEY_UILaunchStoryboardName = LaunchScreen;
				INFOPLIST_KEY_UIMainStoryboardFile = Main;
				INFOPLIST_KEY_UISupportedInterfaceOrientations_iPad = "UIInterfaceOrientationPortrait UIInterfaceOrientationPortraitUpsideDown UIInterfaceOrientationLandscapeLeft UIInterfaceOrientationLandscapeRight";
				INFOPLIST_KEY_UISupportedInterfaceOrientations_iPhone = "UIInterfaceOrientationPortrait UIInterfaceOrientationLandscapeLeft UIInterfaceOrientationLandscapeRight";
				LD_RUNPATH_SEARCH_PATHS = (
					"$(inherited)",
					"@executable_path/Frameworks",
				);
				MARKETING_VERSION = 1.0;
				PRODUCT_BUNDLE_IDENTIFIER = edu.vassar.codepath.Flix;
				PRODUCT_NAME = "$(TARGET_NAME)";
				SWIFT_EMIT_LOC_STRINGS = YES;
				SWIFT_VERSION = 5.0;
				TARGETED_DEVICE_FAMILY = "1,2";
			};
			name = Debug;
		};
		5AB7ADBC27A8B68800A165AC /* Release */ = {
			isa = XCBuildConfiguration;
			baseConfigurationReference = 986F4FA90520E320462B24E6 /* Pods-Flix.release.xcconfig */;
			buildSettings = {
				ASSETCATALOG_COMPILER_APPICON_NAME = AppIcon;
				ASSETCATALOG_COMPILER_GLOBAL_ACCENT_COLOR_NAME = AccentColor;
				CODE_SIGN_STYLE = Automatic;
				CURRENT_PROJECT_VERSION = 1;
				GENERATE_INFOPLIST_FILE = YES;
				INFOPLIST_FILE = Flix/Info.plist;
				INFOPLIST_KEY_UIApplicationSupportsIndirectInputEvents = YES;
				INFOPLIST_KEY_UILaunchStoryboardName = LaunchScreen;
				INFOPLIST_KEY_UIMainStoryboardFile = Main;
				INFOPLIST_KEY_UISupportedInterfaceOrientations_iPad = "UIInterfaceOrientationPortrait UIInterfaceOrientationPortraitUpsideDown UIInterfaceOrientationLandscapeLeft UIInterfaceOrientationLandscapeRight";
				INFOPLIST_KEY_UISupportedInterfaceOrientations_iPhone = "UIInterfaceOrientationPortrait UIInterfaceOrientationLandscapeLeft UIInterfaceOrientationLandscapeRight";
				LD_RUNPATH_SEARCH_PATHS = (
					"$(inherited)",
					"@executable_path/Frameworks",
				);
				MARKETING_VERSION = 1.0;
				PRODUCT_BUNDLE_IDENTIFIER = edu.vassar.codepath.Flix;
				PRODUCT_NAME = "$(TARGET_NAME)";
				SWIFT_EMIT_LOC_STRINGS = YES;
				SWIFT_VERSION = 5.0;
				TARGETED_DEVICE_FAMILY = "1,2";
			};
			name = Release;
		};
		5AB7ADBE27A8B68800A165AC /* Debug */ = {
			isa = XCBuildConfiguration;
			baseConfigurationReference = 2F0B5B1D89A919A4C74CF693 /* Pods-FlixTests.debug.xcconfig */;
			buildSettings = {
				ALWAYS_EMBED_SWIFT_STANDARD_LIBRARIES = YES;
				BUNDLE_LOADER = "$(TEST_HOST)";
				CODE_SIGN_STYLE = Automatic;
				CURRENT_PROJECT_VERSION = 1;
				GENERATE_INFOPLIST_FILE = YES;
				IPHONEOS_DEPLOYMENT_TARGET = 15.2;
				MARKETING_VERSION = 1.0;
				PRODUCT_BUNDLE_IDENTIFIER = edu.vassar.codepath.FlixTests;
				PRODUCT_NAME = "$(TARGET_NAME)";
				SWIFT_EMIT_LOC_STRINGS = NO;
				SWIFT_VERSION = 5.0;
				TARGETED_DEVICE_FAMILY = "1,2";
				TEST_HOST = "$(BUILT_PRODUCTS_DIR)/Flix.app/Flix";
			};
			name = Debug;
		};
		5AB7ADBF27A8B68800A165AC /* Release */ = {
			isa = XCBuildConfiguration;
			baseConfigurationReference = F8E49DAEE7BC4AB48B05A7A3 /* Pods-FlixTests.release.xcconfig */;
			buildSettings = {
				ALWAYS_EMBED_SWIFT_STANDARD_LIBRARIES = YES;
				BUNDLE_LOADER = "$(TEST_HOST)";
				CODE_SIGN_STYLE = Automatic;
				CURRENT_PROJECT_VERSION = 1;
				GENERATE_INFOPLIST_FILE = YES;
				IPHONEOS_DEPLOYMENT_TARGET = 15.2;
				MARKETING_VERSION = 1.0;
				PRODUCT_BUNDLE_IDENTIFIER = edu.vassar.codepath.FlixTests;
				PRODUCT_NAME = "$(TARGET_NAME)";
				SWIFT_EMIT_LOC_STRINGS = NO;
				SWIFT_VERSION = 5.0;
				TARGETED_DEVICE_FAMILY = "1,2";
				TEST_HOST = "$(BUILT_PRODUCTS_DIR)/Flix.app/Flix";
			};
			name = Release;
		};
		5AB7ADC127A8B68800A165AC /* Debug */ = {
			isa = XCBuildConfiguration;
			baseConfigurationReference = 2C23A5C8954E972A70309A95 /* Pods-Flix-FlixUITests.debug.xcconfig */;
			buildSettings = {
				ALWAYS_EMBED_SWIFT_STANDARD_LIBRARIES = YES;
				CODE_SIGN_STYLE = Automatic;
				CURRENT_PROJECT_VERSION = 1;
				GENERATE_INFOPLIST_FILE = YES;
				MARKETING_VERSION = 1.0;
				PRODUCT_BUNDLE_IDENTIFIER = edu.vassar.codepath.FlixUITests;
				PRODUCT_NAME = "$(TARGET_NAME)";
				SWIFT_EMIT_LOC_STRINGS = NO;
				SWIFT_VERSION = 5.0;
				TARGETED_DEVICE_FAMILY = "1,2";
				TEST_TARGET_NAME = Flix;
			};
			name = Debug;
		};
		5AB7ADC227A8B68800A165AC /* Release */ = {
			isa = XCBuildConfiguration;
			baseConfigurationReference = 71D2656DDF9CEB26329F3993 /* Pods-Flix-FlixUITests.release.xcconfig */;
			buildSettings = {
				ALWAYS_EMBED_SWIFT_STANDARD_LIBRARIES = YES;
				CODE_SIGN_STYLE = Automatic;
				CURRENT_PROJECT_VERSION = 1;
				GENERATE_INFOPLIST_FILE = YES;
				MARKETING_VERSION = 1.0;
				PRODUCT_BUNDLE_IDENTIFIER = edu.vassar.codepath.FlixUITests;
				PRODUCT_NAME = "$(TARGET_NAME)";
				SWIFT_EMIT_LOC_STRINGS = NO;
				SWIFT_VERSION = 5.0;
				TARGETED_DEVICE_FAMILY = "1,2";
				TEST_TARGET_NAME = Flix;
			};
			name = Release;
		};
/* End XCBuildConfiguration section */

/* Begin XCConfigurationList section */
		5AB7AD8B27A8B68400A165AC /* Build configuration list for PBXProject "Flix" */ = {
			isa = XCConfigurationList;
			buildConfigurations = (
				5AB7ADB827A8B68800A165AC /* Debug */,
				5AB7ADB927A8B68800A165AC /* Release */,
			);
			defaultConfigurationIsVisible = 0;
			defaultConfigurationName = Release;
		};
		5AB7ADBA27A8B68800A165AC /* Build configuration list for PBXNativeTarget "Flix" */ = {
			isa = XCConfigurationList;
			buildConfigurations = (
				5AB7ADBB27A8B68800A165AC /* Debug */,
				5AB7ADBC27A8B68800A165AC /* Release */,
			);
			defaultConfigurationIsVisible = 0;
			defaultConfigurationName = Release;
		};
		5AB7ADBD27A8B68800A165AC /* Build configuration list for PBXNativeTarget "FlixTests" */ = {
			isa = XCConfigurationList;
			buildConfigurations = (
				5AB7ADBE27A8B68800A165AC /* Debug */,
				5AB7ADBF27A8B68800A165AC /* Release */,
			);
			defaultConfigurationIsVisible = 0;
			defaultConfigurationName = Release;
		};
		5AB7ADC027A8B68800A165AC /* Build configuration list for PBXNativeTarget "FlixUITests" */ = {
			isa = XCConfigurationList;
			buildConfigurations = (
				5AB7ADC127A8B68800A165AC /* Debug */,
				5AB7ADC227A8B68800A165AC /* Release */,
			);
			defaultConfigurationIsVisible = 0;
			defaultConfigurationName = Release;
		};
/* End XCConfigurationList section */

/* Begin XCRemoteSwiftPackageReference section */
		5AF66A0027B08B410025237F /* XCRemoteSwiftPackageReference "AlamofireImage" */ = {
			isa = XCRemoteSwiftPackageReference;
			repositoryURL = "https://github.com/Alamofire/AlamofireImage";
			requirement = {
				kind = upToNextMajorVersion;
				minimumVersion = 4.0.0;
			};
		};
/* End XCRemoteSwiftPackageReference section */

/* Begin XCSwiftPackageProductDependency section */
		5AF66A0127B08B410025237F /* AlamofireImage */ = {
			isa = XCSwiftPackageProductDependency;
			package = 5AF66A0027B08B410025237F /* XCRemoteSwiftPackageReference "AlamofireImage" */;
			productName = AlamofireImage;
		};
/* End XCSwiftPackageProductDependency section */
	};
	rootObject = 5AB7AD8827A8B68400A165AC /* Project object */;
}
