// !$*UTF8*$!
{
	archiveVersion = 1;
	classes = {
	};
	objectVersion = 55;
	objects = {

/* Begin PBXBuildFile section */
		5AB7AD1A27A7893B00A165AC /* AppDelegate.swift in Sources */ = {isa = PBXBuildFile; fileRef = 5AB7AD1927A7893B00A165AC /* AppDelegate.swift */; };
		5AB7AD1C27A7893B00A165AC /* SceneDelegate.swift in Sources */ = {isa = PBXBuildFile; fileRef = 5AB7AD1B27A7893B00A165AC /* SceneDelegate.swift */; };
		5AB7AD1E27A7893B00A165AC /* ViewController.swift in Sources */ = {isa = PBXBuildFile; fileRef = 5AB7AD1D27A7893B00A165AC /* ViewController.swift */; };
		5AB7AD2127A7893B00A165AC /* Main.storyboard in Resources */ = {isa = PBXBuildFile; fileRef = 5AB7AD1F27A7893B00A165AC /* Main.storyboard */; };
		5AB7AD2327A7893D00A165AC /* Assets.xcassets in Resources */ = {isa = PBXBuildFile; fileRef = 5AB7AD2227A7893D00A165AC /* Assets.xcassets */; };
		5AB7AD2627A7893D00A165AC /* LaunchScreen.storyboard in Resources */ = {isa = PBXBuildFile; fileRef = 5AB7AD2427A7893D00A165AC /* LaunchScreen.storyboard */; };
		5AB7AD3127A7893E00A165AC /* PreworkTests.swift in Sources */ = {isa = PBXBuildFile; fileRef = 5AB7AD3027A7893E00A165AC /* PreworkTests.swift */; };
		5AB7AD3B27A7893E00A165AC /* PreworkUITests.swift in Sources */ = {isa = PBXBuildFile; fileRef = 5AB7AD3A27A7893E00A165AC /* PreworkUITests.swift */; };
		5AB7AD3D27A7893E00A165AC /* PreworkUITestsLaunchTests.swift in Sources */ = {isa = PBXBuildFile; fileRef = 5AB7AD3C27A7893E00A165AC /* PreworkUITestsLaunchTests.swift */; };
/* End PBXBuildFile section */

/* Begin PBXContainerItemProxy section */
		5AB7AD2D27A7893E00A165AC /* PBXContainerItemProxy */ = {
			isa = PBXContainerItemProxy;
			containerPortal = 5AB7AD0E27A7893A00A165AC /* Project object */;
			proxyType = 1;
			remoteGlobalIDString = 5AB7AD1527A7893B00A165AC;
			remoteInfo = Prework;
		};
		5AB7AD3727A7893E00A165AC /* PBXContainerItemProxy */ = {
			isa = PBXContainerItemProxy;
			containerPortal = 5AB7AD0E27A7893A00A165AC /* Project object */;
			proxyType = 1;
			remoteGlobalIDString = 5AB7AD1527A7893B00A165AC;
			remoteInfo = Prework;
		};
/* End PBXContainerItemProxy section */

/* Begin PBXFileReference section */
		5AB7AD1627A7893B00A165AC /* Prework.app */ = {isa = PBXFileReference; explicitFileType = wrapper.application; includeInIndex = 0; path = Prework.app; sourceTree = BUILT_PRODUCTS_DIR; };
		5AB7AD1927A7893B00A165AC /* AppDelegate.swift */ = {isa = PBXFileReference; lastKnownFileType = sourcecode.swift; path = AppDelegate.swift; sourceTree = "<group>"; };
		5AB7AD1B27A7893B00A165AC /* SceneDelegate.swift */ = {isa = PBXFileReference; lastKnownFileType = sourcecode.swift; path = SceneDelegate.swift; sourceTree = "<group>"; };
		5AB7AD1D27A7893B00A165AC /* ViewController.swift */ = {isa = PBXFileReference; lastKnownFileType = sourcecode.swift; path = ViewController.swift; sourceTree = "<group>"; };
		5AB7AD2027A7893B00A165AC /* Base */ = {isa = PBXFileReference; lastKnownFileType = file.storyboard; name = Base; path = Base.lproj/Main.storyboard; sourceTree = "<group>"; };
		5AB7AD2227A7893D00A165AC /* Assets.xcassets */ = {isa = PBXFileReference; lastKnownFileType = folder.assetcatalog; path = Assets.xcassets; sourceTree = "<group>"; };
		5AB7AD2527A7893D00A165AC /* Base */ = {isa = PBXFileReference; lastKnownFileType = file.storyboard; name = Base; path = Base.lproj/LaunchScreen.storyboard; sourceTree = "<group>"; };
		5AB7AD2727A7893D00A165AC /* Info.plist */ = {isa = PBXFileReference; lastKnownFileType = text.plist.xml; path = Info.plist; sourceTree = "<group>"; };
		5AB7AD2C27A7893E00A165AC /* PreworkTests.xctest */ = {isa = PBXFileReference; explicitFileType = wrapper.cfbundle; includeInIndex = 0; path = PreworkTests.xctest; sourceTree = BUILT_PRODUCTS_DIR; };
		5AB7AD3027A7893E00A165AC /* PreworkTests.swift */ = {isa = PBXFileReference; lastKnownFileType = sourcecode.swift; path = PreworkTests.swift; sourceTree = "<group>"; };
		5AB7AD3627A7893E00A165AC /* PreworkUITests.xctest */ = {isa = PBXFileReference; explicitFileType = wrapper.cfbundle; includeInIndex = 0; path = PreworkUITests.xctest; sourceTree = BUILT_PRODUCTS_DIR; };
		5AB7AD3A27A7893E00A165AC /* PreworkUITests.swift */ = {isa = PBXFileReference; lastKnownFileType = sourcecode.swift; path = PreworkUITests.swift; sourceTree = "<group>"; };
		5AB7AD3C27A7893E00A165AC /* PreworkUITestsLaunchTests.swift */ = {isa = PBXFileReference; lastKnownFileType = sourcecode.swift; path = PreworkUITestsLaunchTests.swift; sourceTree = "<group>"; };
/* End PBXFileReference section */

/* Begin PBXFrameworksBuildPhase section */
		5AB7AD1327A7893B00A165AC /* Frameworks */ = {
			isa = PBXFrameworksBuildPhase;
			buildActionMask = 2147483647;
			files = (
			);
			runOnlyForDeploymentPostprocessing = 0;
		};
		5AB7AD2927A7893E00A165AC /* Frameworks */ = {
			isa = PBXFrameworksBuildPhase;
			buildActionMask = 2147483647;
			files = (
			);
			runOnlyForDeploymentPostprocessing = 0;
		};
		5AB7AD3327A7893E00A165AC /* Frameworks */ = {
			isa = PBXFrameworksBuildPhase;
			buildActionMask = 2147483647;
			files = (
			);
			runOnlyForDeploymentPostprocessing = 0;
		};
/* End PBXFrameworksBuildPhase section */

/* Begin PBXGroup section */
		5AB7AD0D27A7893A00A165AC = {
			isa = PBXGroup;
			children = (
				5AB7AD1827A7893B00A165AC /* Prework */,
				5AB7AD2F27A7893E00A165AC /* PreworkTests */,
				5AB7AD3927A7893E00A165AC /* PreworkUITests */,
				5AB7AD1727A7893B00A165AC /* Products */,
			);
			sourceTree = "<group>";
		};
		5AB7AD1727A7893B00A165AC /* Products */ = {
			isa = PBXGroup;
			children = (
				5AB7AD1627A7893B00A165AC /* Prework.app */,
				5AB7AD2C27A7893E00A165AC /* PreworkTests.xctest */,
				5AB7AD3627A7893E00A165AC /* PreworkUITests.xctest */,
			);
			name = Products;
			sourceTree = "<group>";
		};
		5AB7AD1827A7893B00A165AC /* Prework */ = {
			isa = PBXGroup;
			children = (
				5AB7AD1927A7893B00A165AC /* AppDelegate.swift */,
				5AB7AD1B27A7893B00A165AC /* SceneDelegate.swift */,
				5AB7AD1D27A7893B00A165AC /* ViewController.swift */,
				5AB7AD1F27A7893B00A165AC /* Main.storyboard */,
				5AB7AD2227A7893D00A165AC /* Assets.xcassets */,
				5AB7AD2427A7893D00A165AC /* LaunchScreen.storyboard */,
				5AB7AD2727A7893D00A165AC /* Info.plist */,
			);
			path = Prework;
			sourceTree = "<group>";
		};
		5AB7AD2F27A7893E00A165AC /* PreworkTests */ = {
			isa = PBXGroup;
			children = (
				5AB7AD3027A7893E00A165AC /* PreworkTests.swift */,
			);
			path = PreworkTests;
			sourceTree = "<group>";
		};
		5AB7AD3927A7893E00A165AC /* PreworkUITests */ = {
			isa = PBXGroup;
			children = (
				5AB7AD3A27A7893E00A165AC /* PreworkUITests.swift */,
				5AB7AD3C27A7893E00A165AC /* PreworkUITestsLaunchTests.swift */,
			);
			path = PreworkUITests;
			sourceTree = "<group>";
		};
/* End PBXGroup section */

/* Begin PBXNativeTarget section */
		5AB7AD1527A7893B00A165AC /* Prework */ = {
			isa = PBXNativeTarget;
			buildConfigurationList = 5AB7AD4027A7893E00A165AC /* Build configuration list for PBXNativeTarget "Prework" */;
			buildPhases = (
				5AB7AD1227A7893B00A165AC /* Sources */,
				5AB7AD1327A7893B00A165AC /* Frameworks */,
				5AB7AD1427A7893B00A165AC /* Resources */,
			);
			buildRules = (
			);
			dependencies = (
			);
			name = Prework;
			productName = Prework;
			productReference = 5AB7AD1627A7893B00A165AC /* Prework.app */;
			productType = "com.apple.product-type.application";
		};
		5AB7AD2B27A7893E00A165AC /* PreworkTests */ = {
			isa = PBXNativeTarget;
			buildConfigurationList = 5AB7AD4327A7893E00A165AC /* Build configuration list for PBXNativeTarget "PreworkTests" */;
			buildPhases = (
				5AB7AD2827A7893E00A165AC /* Sources */,
				5AB7AD2927A7893E00A165AC /* Frameworks */,
				5AB7AD2A27A7893E00A165AC /* Resources */,
			);
			buildRules = (
			);
			dependencies = (
				5AB7AD2E27A7893E00A165AC /* PBXTargetDependency */,
			);
			name = PreworkTests;
			productName = PreworkTests;
			productReference = 5AB7AD2C27A7893E00A165AC /* PreworkTests.xctest */;
			productType = "com.apple.product-type.bundle.unit-test";
		};
		5AB7AD3527A7893E00A165AC /* PreworkUITests */ = {
			isa = PBXNativeTarget;
			buildConfigurationList = 5AB7AD4627A7893E00A165AC /* Build configuration list for PBXNativeTarget "PreworkUITests" */;
			buildPhases = (
				5AB7AD3227A7893E00A165AC /* Sources */,
				5AB7AD3327A7893E00A165AC /* Frameworks */,
				5AB7AD3427A7893E00A165AC /* Resources */,
			);
			buildRules = (
			);
			dependencies = (
				5AB7AD3827A7893E00A165AC /* PBXTargetDependency */,
			);
			name = PreworkUITests;
			productName = PreworkUITests;
			productReference = 5AB7AD3627A7893E00A165AC /* PreworkUITests.xctest */;
			productType = "com.apple.product-type.bundle.ui-testing";
		};
/* End PBXNativeTarget section */

/* Begin PBXProject section */
		5AB7AD0E27A7893A00A165AC /* Project object */ = {
			isa = PBXProject;
			attributes = {
				BuildIndependentTargetsInParallel = 1;
				LastSwiftUpdateCheck = 1320;
				LastUpgradeCheck = 1320;
				TargetAttributes = {
					5AB7AD1527A7893B00A165AC = {
						CreatedOnToolsVersion = 13.2.1;
					};
					5AB7AD2B27A7893E00A165AC = {
						CreatedOnToolsVersion = 13.2.1;
						TestTargetID = 5AB7AD1527A7893B00A165AC;
					};
					5AB7AD3527A7893E00A165AC = {
						CreatedOnToolsVersion = 13.2.1;
						TestTargetID = 5AB7AD1527A7893B00A165AC;
					};
				};
			};
			buildConfigurationList = 5AB7AD1127A7893A00A165AC /* Build configuration list for PBXProject "Prework" */;
			compatibilityVersion = "Xcode 13.0";
			developmentRegion = en;
			hasScannedForEncodings = 0;
			knownRegions = (
				en,
				Base,
			);
			mainGroup = 5AB7AD0D27A7893A00A165AC;
			productRefGroup = 5AB7AD1727A7893B00A165AC /* Products */;
			projectDirPath = "";
			projectRoot = "";
			targets = (
				5AB7AD1527A7893B00A165AC /* Prework */,
				5AB7AD2B27A7893E00A165AC /* PreworkTests */,
				5AB7AD3527A7893E00A165AC /* PreworkUITests */,
			);
		};
/* End PBXProject section */

/* Begin PBXResourcesBuildPhase section */
		5AB7AD1427A7893B00A165AC /* Resources */ = {
			isa = PBXResourcesBuildPhase;
			buildActionMask = 2147483647;
			files = (
				5AB7AD2627A7893D00A165AC /* LaunchScreen.storyboard in Resources */,
				5AB7AD2327A7893D00A165AC /* Assets.xcassets in Resources */,
				5AB7AD2127A7893B00A165AC /* Main.storyboard in Resources */,
			);
			runOnlyForDeploymentPostprocessing = 0;
		};
		5AB7AD2A27A7893E00A165AC /* Resources */ = {
			isa = PBXResourcesBuildPhase;
			buildActionMask = 2147483647;
			files = (
			);
			runOnlyForDeploymentPostprocessing = 0;
		};
		5AB7AD3427A7893E00A165AC /* Resources */ = {
			isa = PBXResourcesBuildPhase;
			buildActionMask = 2147483647;
			files = (
			);
			runOnlyForDeploymentPostprocessing = 0;
		};
/* End PBXResourcesBuildPhase section */

/* Begin PBXSourcesBuildPhase section */
		5AB7AD1227A7893B00A165AC /* Sources */ = {
			isa = PBXSourcesBuildPhase;
			buildActionMask = 2147483647;
			files = (
				5AB7AD1E27A7893B00A165AC /* ViewController.swift in Sources */,
				5AB7AD1A27A7893B00A165AC /* AppDelegate.swift in Sources */,
				5AB7AD1C27A7893B00A165AC /* SceneDelegate.swift in Sources */,
			);
			runOnlyForDeploymentPostprocessing = 0;
		};
		5AB7AD2827A7893E00A165AC /* Sources */ = {
			isa = PBXSourcesBuildPhase;
			buildActionMask = 2147483647;
			files = (
				5AB7AD3127A7893E00A165AC /* PreworkTests.swift in Sources */,
			);
			runOnlyForDeploymentPostprocessing = 0;
		};
		5AB7AD3227A7893E00A165AC /* Sources */ = {
			isa = PBXSourcesBuildPhase;
			buildActionMask = 2147483647;
			files = (
				5AB7AD3B27A7893E00A165AC /* PreworkUITests.swift in Sources */,
				5AB7AD3D27A7893E00A165AC /* PreworkUITestsLaunchTests.swift in Sources */,
			);
			runOnlyForDeploymentPostprocessing = 0;
		};
/* End PBXSourcesBuildPhase section */

/* Begin PBXTargetDependency section */
		5AB7AD2E27A7893E00A165AC /* PBXTargetDependency */ = {
			isa = PBXTargetDependency;
			target = 5AB7AD1527A7893B00A165AC /* Prework */;
			targetProxy = 5AB7AD2D27A7893E00A165AC /* PBXContainerItemProxy */;
		};
		5AB7AD3827A7893E00A165AC /* PBXTargetDependency */ = {
			isa = PBXTargetDependency;
			target = 5AB7AD1527A7893B00A165AC /* Prework */;
			targetProxy = 5AB7AD3727A7893E00A165AC /* PBXContainerItemProxy */;
		};
/* End PBXTargetDependency section */

/* Begin PBXVariantGroup section */
		5AB7AD1F27A7893B00A165AC /* Main.storyboard */ = {
			isa = PBXVariantGroup;
			children = (
				5AB7AD2027A7893B00A165AC /* Base */,
			);
			name = Main.storyboard;
			sourceTree = "<group>";
		};
		5AB7AD2427A7893D00A165AC /* LaunchScreen.storyboard */ = {
			isa = PBXVariantGroup;
			children = (
				5AB7AD2527A7893D00A165AC /* Base */,
			);
			name = LaunchScreen.storyboard;
			sourceTree = "<group>";
		};
/* End PBXVariantGroup section */

/* Begin XCBuildConfiguration section */
		5AB7AD3E27A7893E00A165AC /* Debug */ = {
			isa = XCBuildConfiguration;
			buildSettings = {
				ALWAYS_SEARCH_USER_PATHS = NO;
				CLANG_ANALYZER_NONNULL = YES;
				CLANG_ANALYZER_NUMBER_OBJECT_CONVERSION = YES_AGGRESSIVE;
				CLANG_CXX_LANGUAGE_STANDARD = "gnu++17";
				CLANG_CXX_LIBRARY = "libc++";
				CLANG_ENABLE_MODULES = YES;
				CLANG_ENABLE_OBJC_ARC = YES;
				CLANG_ENABLE_OBJC_WEAK = YES;
				CLANG_WARN_BLOCK_CAPTURE_AUTORELEASING = YES;
				CLANG_WARN_BOOL_CONVERSION = YES;
				CLANG_WARN_COMMA = YES;
				CLANG_WARN_CONSTANT_CONVERSION = YES;
				CLANG_WARN_DEPRECATED_OBJC_IMPLEMENTATIONS = YES;
				CLANG_WARN_DIRECT_OBJC_ISA_USAGE = YES_ERROR;
				CLANG_WARN_DOCUMENTATION_COMMENTS = YES;
				CLANG_WARN_EMPTY_BODY = YES;
				CLANG_WARN_ENUM_CONVERSION = YES;
				CLANG_WARN_INFINITE_RECURSION = YES;
				CLANG_WARN_INT_CONVERSION = YES;
				CLANG_WARN_NON_LITERAL_NULL_CONVERSION = YES;
				CLANG_WARN_OBJC_IMPLICIT_RETAIN_SELF = YES;
				CLANG_WARN_OBJC_LITERAL_CONVERSION = YES;
				CLANG_WARN_OBJC_ROOT_CLASS = YES_ERROR;
				CLANG_WARN_QUOTED_INCLUDE_IN_FRAMEWORK_HEADER = YES;
				CLANG_WARN_RANGE_LOOP_ANALYSIS = YES;
				CLANG_WARN_STRICT_PROTOTYPES = YES;
				CLANG_WARN_SUSPICIOUS_MOVE = YES;
				CLANG_WARN_UNGUARDED_AVAILABILITY = YES_AGGRESSIVE;
				CLANG_WARN_UNREACHABLE_CODE = YES;
				CLANG_WARN__DUPLICATE_METHOD_MATCH = YES;
				COPY_PHASE_STRIP = NO;
				DEBUG_INFORMATION_FORMAT = dwarf;
				ENABLE_STRICT_OBJC_MSGSEND = YES;
				ENABLE_TESTABILITY = YES;
				GCC_C_LANGUAGE_STANDARD = gnu11;
				GCC_DYNAMIC_NO_PIC = NO;
				GCC_NO_COMMON_BLOCKS = YES;
				GCC_OPTIMIZATION_LEVEL = 0;
				GCC_PREPROCESSOR_DEFINITIONS = (
					"DEBUG=1",
					"$(inherited)",
				);
				GCC_WARN_64_TO_32_BIT_CONVERSION = YES;
				GCC_WARN_ABOUT_RETURN_TYPE = YES_ERROR;
				GCC_WARN_UNDECLARED_SELECTOR = YES;
				GCC_WARN_UNINITIALIZED_AUTOS = YES_AGGRESSIVE;
				GCC_WARN_UNUSED_FUNCTION = YES;
				GCC_WARN_UNUSED_VARIABLE = YES;
				IPHONEOS_DEPLOYMENT_TARGET = 15.2;
				MTL_ENABLE_DEBUG_INFO = INCLUDE_SOURCE;
				MTL_FAST_MATH = YES;
				ONLY_ACTIVE_ARCH = YES;
				SDKROOT = iphoneos;
				SWIFT_ACTIVE_COMPILATION_CONDITIONS = DEBUG;
				SWIFT_OPTIMIZATION_LEVEL = "-Onone";
			};
			name = Debug;
		};
		5AB7AD3F27A7893E00A165AC /* Release */ = {
			isa = XCBuildConfiguration;
			buildSettings = {
				ALWAYS_SEARCH_USER_PATHS = NO;
				CLANG_ANALYZER_NONNULL = YES;
				CLANG_ANALYZER_NUMBER_OBJECT_CONVERSION = YES_AGGRESSIVE;
				CLANG_CXX_LANGUAGE_STANDARD = "gnu++17";
				CLANG_CXX_LIBRARY = "libc++";
				CLANG_ENABLE_MODULES = YES;
				CLANG_ENABLE_OBJC_ARC = YES;
				CLANG_ENABLE_OBJC_WEAK = YES;
				CLANG_WARN_BLOCK_CAPTURE_AUTORELEASING = YES;
				CLANG_WARN_BOOL_CONVERSION = YES;
				CLANG_WARN_COMMA = YES;
				CLANG_WARN_CONSTANT_CONVERSION = YES;
				CLANG_WARN_DEPRECATED_OBJC_IMPLEMENTATIONS = YES;
				CLANG_WARN_DIRECT_OBJC_ISA_USAGE = YES_ERROR;
				CLANG_WARN_DOCUMENTATION_COMMENTS = YES;
				CLANG_WARN_EMPTY_BODY = YES;
				CLANG_WARN_ENUM_CONVERSION = YES;
				CLANG_WARN_INFINITE_RECURSION = YES;
				CLANG_WARN_INT_CONVERSION = YES;
				CLANG_WARN_NON_LITERAL_NULL_CONVERSION = YES;
				CLANG_WARN_OBJC_IMPLICIT_RETAIN_SELF = YES;
				CLANG_WARN_OBJC_LITERAL_CONVERSION = YES;
				CLANG_WARN_OBJC_ROOT_CLASS = YES_ERROR;
				CLANG_WARN_QUOTED_INCLUDE_IN_FRAMEWORK_HEADER = YES;
				CLANG_WARN_RANGE_LOOP_ANALYSIS = YES;
				CLANG_WARN_STRICT_PROTOTYPES = YES;
				CLANG_WARN_SUSPICIOUS_MOVE = YES;
				CLANG_WARN_UNGUARDED_AVAILABILITY = YES_AGGRESSIVE;
				CLANG_WARN_UNREACHABLE_CODE = YES;
				CLANG_WARN__DUPLICATE_METHOD_MATCH = YES;
				COPY_PHASE_STRIP = NO;
				DEBUG_INFORMATION_FORMAT = "dwarf-with-dsym";
				ENABLE_NS_ASSERTIONS = NO;
				ENABLE_STRICT_OBJC_MSGSEND = YES;
				GCC_C_LANGUAGE_STANDARD = gnu11;
				GCC_NO_COMMON_BLOCKS = YES;
				GCC_WARN_64_TO_32_BIT_CONVERSION = YES;
				GCC_WARN_ABOUT_RETURN_TYPE = YES_ERROR;
				GCC_WARN_UNDECLARED_SELECTOR = YES;
				GCC_WARN_UNINITIALIZED_AUTOS = YES_AGGRESSIVE;
				GCC_WARN_UNUSED_FUNCTION = YES;
				GCC_WARN_UNUSED_VARIABLE = YES;
				IPHONEOS_DEPLOYMENT_TARGET = 15.2;
				MTL_ENABLE_DEBUG_INFO = NO;
				MTL_FAST_MATH = YES;
				SDKROOT = iphoneos;
				SWIFT_COMPILATION_MODE = wholemodule;
				SWIFT_OPTIMIZATION_LEVEL = "-O";
				VALIDATE_PRODUCT = YES;
			};
			name = Release;
		};
		5AB7AD4127A7893E00A165AC /* Debug */ = {
			isa = XCBuildConfiguration;
			buildSettings = {
				ASSETCATALOG_COMPILER_APPICON_NAME = AppIcon;
				ASSETCATALOG_COMPILER_GLOBAL_ACCENT_COLOR_NAME = AccentColor;
				CODE_SIGN_STYLE = Automatic;
				CURRENT_PROJECT_VERSION = 1;
				GENERATE_INFOPLIST_FILE = YES;
				INFOPLIST_FILE = Prework/Info.plist;
				INFOPLIST_KEY_UIApplicationSupportsIndirectInputEvents = YES;
				INFOPLIST_KEY_UILaunchStoryboardName = LaunchScreen;
				INFOPLIST_KEY_UIMainStoryboardFile = Main;
				INFOPLIST_KEY_UISupportedInterfaceOrientations_iPad = "UIInterfaceOrientationPortrait UIInterfaceOrientationPortraitUpsideDown UIInterfaceOrientationLandscapeLeft UIInterfaceOrientationLandscapeRight";
				INFOPLIST_KEY_UISupportedInterfaceOrientations_iPhone = "UIInterfaceOrientationPortrait UIInterfaceOrientationLandscapeLeft UIInterfaceOrientationLandscapeRight";
				LD_RUNPATH_SEARCH_PATHS = (
					"$(inherited)",
					"@executable_path/Frameworks",
				);
				MARKETING_VERSION = 1.0;
				PRODUCT_BUNDLE_IDENTIFIER = vassar.Prework;
				PRODUCT_NAME = "$(TARGET_NAME)";
				SWIFT_EMIT_LOC_STRINGS = YES;
				SWIFT_VERSION = 5.0;
				TARGETED_DEVICE_FAMILY = "1,2";
			};
			name = Debug;
		};
		5AB7AD4227A7893E00A165AC /* Release */ = {
			isa = XCBuildConfiguration;
			buildSettings = {
				ASSETCATALOG_COMPILER_APPICON_NAME = AppIcon;
				ASSETCATALOG_COMPILER_GLOBAL_ACCENT_COLOR_NAME = AccentColor;
				CODE_SIGN_STYLE = Automatic;
				CURRENT_PROJECT_VERSION = 1;
				GENERATE_INFOPLIST_FILE = YES;
				INFOPLIST_FILE = Prework/Info.plist;
				INFOPLIST_KEY_UIApplicationSupportsIndirectInputEvents = YES;
				INFOPLIST_KEY_UILaunchStoryboardName = LaunchScreen;
				INFOPLIST_KEY_UIMainStoryboardFile = Main;
				INFOPLIST_KEY_UISupportedInterfaceOrientations_iPad = "UIInterfaceOrientationPortrait UIInterfaceOrientationPortraitUpsideDown UIInterfaceOrientationLandscapeLeft UIInterfaceOrientationLandscapeRight";
				INFOPLIST_KEY_UISupportedInterfaceOrientations_iPhone = "UIInterfaceOrientationPortrait UIInterfaceOrientationLandscapeLeft UIInterfaceOrientationLandscapeRight";
				LD_RUNPATH_SEARCH_PATHS = (
					"$(inherited)",
					"@executable_path/Frameworks",
				);
				MARKETING_VERSION = 1.0;
				PRODUCT_BUNDLE_IDENTIFIER = vassar.Prework;
				PRODUCT_NAME = "$(TARGET_NAME)";
				SWIFT_EMIT_LOC_STRINGS = YES;
				SWIFT_VERSION = 5.0;
				TARGETED_DEVICE_FAMILY = "1,2";
			};
			name = Release;
		};
		5AB7AD4427A7893E00A165AC /* Debug */ = {
			isa = XCBuildConfiguration;
			buildSettings = {
				ALWAYS_EMBED_SWIFT_STANDARD_LIBRARIES = YES;
				BUNDLE_LOADER = "$(TEST_HOST)";
				CODE_SIGN_STYLE = Automatic;
				CURRENT_PROJECT_VERSION = 1;
				GENERATE_INFOPLIST_FILE = YES;
				IPHONEOS_DEPLOYMENT_TARGET = 15.2;
				MARKETING_VERSION = 1.0;
				PRODUCT_BUNDLE_IDENTIFIER = vassar.PreworkTests;
				PRODUCT_NAME = "$(TARGET_NAME)";
				SWIFT_EMIT_LOC_STRINGS = NO;
				SWIFT_VERSION = 5.0;
				TARGETED_DEVICE_FAMILY = "1,2";
				TEST_HOST = "$(BUILT_PRODUCTS_DIR)/Prework.app/Prework";
			};
			name = Debug;
		};
		5AB7AD4527A7893E00A165AC /* Release */ = {
			isa = XCBuildConfiguration;
			buildSettings = {
				ALWAYS_EMBED_SWIFT_STANDARD_LIBRARIES = YES;
				BUNDLE_LOADER = "$(TEST_HOST)";
				CODE_SIGN_STYLE = Automatic;
				CURRENT_PROJECT_VERSION = 1;
				GENERATE_INFOPLIST_FILE = YES;
				IPHONEOS_DEPLOYMENT_TARGET = 15.2;
				MARKETING_VERSION = 1.0;
				PRODUCT_BUNDLE_IDENTIFIER = vassar.PreworkTests;
				PRODUCT_NAME = "$(TARGET_NAME)";
				SWIFT_EMIT_LOC_STRINGS = NO;
				SWIFT_VERSION = 5.0;
				TARGETED_DEVICE_FAMILY = "1,2";
				TEST_HOST = "$(BUILT_PRODUCTS_DIR)/Prework.app/Prework";
			};
			name = Release;
		};
		5AB7AD4727A7893E00A165AC /* Debug */ = {
			isa = XCBuildConfiguration;
			buildSettings = {
				ALWAYS_EMBED_SWIFT_STANDARD_LIBRARIES = YES;
				CODE_SIGN_STYLE = Automatic;
				CURRENT_PROJECT_VERSION = 1;
				GENERATE_INFOPLIST_FILE = YES;
				MARKETING_VERSION = 1.0;
				PRODUCT_BUNDLE_IDENTIFIER = vassar.PreworkUITests;
				PRODUCT_NAME = "$(TARGET_NAME)";
				SWIFT_EMIT_LOC_STRINGS = NO;
				SWIFT_VERSION = 5.0;
				TARGETED_DEVICE_FAMILY = "1,2";
				TEST_TARGET_NAME = Prework;
			};
			name = Debug;
		};
		5AB7AD4827A7893E00A165AC /* Release */ = {
			isa = XCBuildConfiguration;
			buildSettings = {
				ALWAYS_EMBED_SWIFT_STANDARD_LIBRARIES = YES;
				CODE_SIGN_STYLE = Automatic;
				CURRENT_PROJECT_VERSION = 1;
				GENERATE_INFOPLIST_FILE = YES;
				MARKETING_VERSION = 1.0;
				PRODUCT_BUNDLE_IDENTIFIER = vassar.PreworkUITests;
				PRODUCT_NAME = "$(TARGET_NAME)";
				SWIFT_EMIT_LOC_STRINGS = NO;
				SWIFT_VERSION = 5.0;
				TARGETED_DEVICE_FAMILY = "1,2";
				TEST_TARGET_NAME = Prework;
			};
			name = Release;
		};
/* End XCBuildConfiguration section */

/* Begin XCConfigurationList section */
		5AB7AD1127A7893A00A165AC /* Build configuration list for PBXProject "Prework" */ = {
			isa = XCConfigurationList;
			buildConfigurations = (
				5AB7AD3E27A7893E00A165AC /* Debug */,
				5AB7AD3F27A7893E00A165AC /* Release */,
			);
			defaultConfigurationIsVisible = 0;
			defaultConfigurationName = Release;
		};
		5AB7AD4027A7893E00A165AC /* Build configuration list for PBXNativeTarget "Prework" */ = {
			isa = XCConfigurationList;
			buildConfigurations = (
				5AB7AD4127A7893E00A165AC /* Debug */,
				5AB7AD4227A7893E00A165AC /* Release */,
			);
			defaultConfigurationIsVisible = 0;
			defaultConfigurationName = Release;
		};
		5AB7AD4327A7893E00A165AC /* Build configuration list for PBXNativeTarget "PreworkTests" */ = {
			isa = XCConfigurationList;
			buildConfigurations = (
				5AB7AD4427A7893E00A165AC /* Debug */,
				5AB7AD4527A7893E00A165AC /* Release */,
			);
			defaultConfigurationIsVisible = 0;
			defaultConfigurationName = Release;
		};
		5AB7AD4627A7893E00A165AC /* Build configuration list for PBXNativeTarget "PreworkUITests" */ = {
			isa = XCConfigurationList;
			buildConfigurations = (
				5AB7AD4727A7893E00A165AC /* Debug */,
				5AB7AD4827A7893E00A165AC /* Release */,
			);
			defaultConfigurationIsVisible = 0;
			defaultConfigurationName = Release;
		};
/* End XCConfigurationList section */
	};
	rootObject = 5AB7AD0E27A7893A00A165AC /* Project object */;
}
